// !$*UTF8*$!
{
	archiveVersion = 1;
	classes = {
	};
	objectVersion = 46;
	objects = {

/* Begin PBXBuildFile section */
		2FCA710416A99C4F00ECDBA3 /* main.cpp in Sources */ = {isa = PBXBuildFile; fileRef = 2FCA70F316A99BC400ECDBA3 /* main.cpp */; };
		2FCA710616A99C5800ECDBA3 /* Python.framework in Frameworks */ = {isa = PBXBuildFile; fileRef = 2FCA710516A99C5800ECDBA3 /* Python.framework */; };
/* End PBXBuildFile section */

/* Begin PBXFileReference section */
		2FC4563B16A9F05900BF7786 /* README.md */ = {isa = PBXFileReference; lastKnownFileType = text; path = README.md; sourceTree = "<group>"; };
		2FC772F716AC3EB9003F9406 /* botoc_sqs.h */ = {isa = PBXFileReference; lastKnownFileType = sourcecode.c.h; path = botoc_sqs.h; sourceTree = "<group>"; };
		2FC772F916AC3F74003F9406 /* botoc_common.h */ = {isa = PBXFileReference; lastKnownFileType = sourcecode.c.h; path = botoc_common.h; sourceTree = "<group>"; };
		2FC772FB16AC44A3003F9406 /* botoc_ddb.h */ = {isa = PBXFileReference; lastKnownFileType = sourcecode.c.h; path = botoc_ddb.h; sourceTree = "<group>"; };
		2FCA70F316A99BC400ECDBA3 /* main.cpp */ = {isa = PBXFileReference; lastKnownFileType = sourcecode.cpp.cpp; path = main.cpp; sourceTree = "<group>"; };
		2FCA70F916A99BE300ECDBA3 /* botoc_test */ = {isa = PBXFileReference; explicitFileType = "compiled.mach-o.executable"; includeInIndex = 0; path = botoc_test; sourceTree = BUILT_PRODUCTS_DIR; };
		2FCA710516A99C5800ECDBA3 /* Python.framework */ = {isa = PBXFileReference; lastKnownFileType = wrapper.framework; name = Python.framework; path = Platforms/MacOSX.platform/Developer/SDKs/MacOSX10.8.sdk/System/Library/Frameworks/Python.framework; sourceTree = DEVELOPER_DIR; };
/* End PBXFileReference section */

/* Begin PBXFrameworksBuildPhase section */
		2FCA70F616A99BE300ECDBA3 /* Frameworks */ = {
			isa = PBXFrameworksBuildPhase;
			buildActionMask = 2147483647;
			files = (
				2FCA710616A99C5800ECDBA3 /* Python.framework in Frameworks */,
			);
			runOnlyForDeploymentPostprocessing = 0;
		};
/* End PBXFrameworksBuildPhase section */

/* Begin PBXGroup section */
		2FCA70E316A99B8800ECDBA3 = {
			isa = PBXGroup;
			children = (
				2FCA70EF16A99BA200ECDBA3 /* library */,
				2FCA70FC16A99BE300ECDBA3 /* botoc_test */,
				2FCA70F416A99BC700ECDBA3 /* frameworks */,
				2FCA70FA16A99BE300ECDBA3 /* Products */,
			);
			sourceTree = "<group>";
		};
		2FCA70EF16A99BA200ECDBA3 /* library */ = {
			isa = PBXGroup;
			children = (
				2FC772F916AC3F74003F9406 /* botoc_common.h */,
				2FC772F716AC3EB9003F9406 /* botoc_sqs.h */,
				2FC772FB16AC44A3003F9406 /* botoc_ddb.h */,
				2FC4563B16A9F05900BF7786 /* README.md */,
			);
			name = library;
			sourceTree = "<group>";
		};
		2FCA70F416A99BC700ECDBA3 /* frameworks */ = {
			isa = PBXGroup;
			children = (
				2FCA710516A99C5800ECDBA3 /* Python.framework */,
			);
			name = frameworks;
			sourceTree = "<group>";
		};
		2FCA70FA16A99BE300ECDBA3 /* Products */ = {
			isa = PBXGroup;
			children = (
				2FCA70F916A99BE300ECDBA3 /* botoc_test */,
			);
			name = Products;
			sourceTree = "<group>";
		};
		2FCA70FC16A99BE300ECDBA3 /* botoc_test */ = {
			isa = PBXGroup;
			children = (
				2FCA70F316A99BC400ECDBA3 /* main.cpp */,
			);
			name = botoc_test;
			sourceTree = "<group>";
		};
/* End PBXGroup section */

/* Begin PBXNativeTarget section */
		2FCA70F816A99BE300ECDBA3 /* botoc_test */ = {
			isa = PBXNativeTarget;
			buildConfigurationList = 2FCA710116A99BE300ECDBA3 /* Build configuration list for PBXNativeTarget "botoc_test" */;
			buildPhases = (
				2FCA70F516A99BE300ECDBA3 /* Sources */,
				2FCA70F616A99BE300ECDBA3 /* Frameworks */,
			);
			buildRules = (
			);
			dependencies = (
			);
			name = botoc_test;
			productName = botoc_test;
			productReference = 2FCA70F916A99BE300ECDBA3 /* botoc_test */;
			productType = "com.apple.product-type.tool";
		};
/* End PBXNativeTarget section */

/* Begin PBXProject section */
		2FCA70E516A99B8800ECDBA3 /* Project object */ = {
			isa = PBXProject;
			attributes = {
				LastUpgradeCheck = 0450;
			};
			buildConfigurationList = 2FCA70E816A99B8800ECDBA3 /* Build configuration list for PBXProject "botoc" */;
			compatibilityVersion = "Xcode 3.2";
			developmentRegion = English;
			hasScannedForEncodings = 0;
			knownRegions = (
				en,
			);
			mainGroup = 2FCA70E316A99B8800ECDBA3;
			productRefGroup = 2FCA70FA16A99BE300ECDBA3 /* Products */;
			projectDirPath = "";
			projectRoot = "";
			targets = (
				2FCA70F816A99BE300ECDBA3 /* botoc_test */,
			);
		};
/* End PBXProject section */

/* Begin PBXSourcesBuildPhase section */
		2FCA70F516A99BE300ECDBA3 /* Sources */ = {
			isa = PBXSourcesBuildPhase;
			buildActionMask = 2147483647;
			files = (
				2FCA710416A99C4F00ECDBA3 /* main.cpp in Sources */,
			);
			runOnlyForDeploymentPostprocessing = 0;
		};
/* End PBXSourcesBuildPhase section */

/* Begin XCBuildConfiguration section */
		2FCA70EA16A99B8800ECDBA3 /* Debug */ = {
			isa = XCBuildConfiguration;
			buildSettings = {
			};
			name = Debug;
		};
		2FCA70EB16A99B8800ECDBA3 /* Release */ = {
			isa = XCBuildConfiguration;
			buildSettings = {
			};
			name = Release;
		};
		2FCA710216A99BE300ECDBA3 /* Debug */ = {
			isa = XCBuildConfiguration;
			buildSettings = {
				ALWAYS_SEARCH_USER_PATHS = NO;
				ARCHS = "$(ARCHS_STANDARD_64_BIT)";
				CLANG_ANALYZER_SECURITY_FLOATLOOPCOUNTER = YES;
				CLANG_ANALYZER_SECURITY_INSECUREAPI_RAND = YES;
				CLANG_ANALYZER_SECURITY_INSECUREAPI_STRCPY = YES;
				CLANG_CXX_LANGUAGE_STANDARD = "c++98";
				CLANG_CXX_LIBRARY = "libc++";
				CLANG_WARN_CXX0X_EXTENSIONS = YES;
				CLANG_WARN_DEPRECATED_OBJC_IMPLEMENTATIONS = YES;
				CLANG_WARN_EMPTY_BODY = YES;
				CLANG_WARN_IMPLICIT_SIGN_CONVERSION = YES;
				CLANG_WARN_OBJCPP_ARC_ABI = YES;
				CLANG_WARN_OBJC_IMPLICIT_ATOMIC_PROPERTIES = YES;
				CLANG_WARN_OBJC_MISSING_PROPERTY_SYNTHESIS = YES;
				CLANG_WARN_OBJC_RECEIVER_WEAK = YES;
				CLANG_WARN_SUSPICIOUS_IMPLICIT_CONVERSION = YES;
				CLANG_WARN__DUPLICATE_METHOD_MATCH = YES;
				CLANG_WARN__EXIT_TIME_DESTRUCTORS = YES;
				COPY_PHASE_STRIP = NO;
				GCC_C_LANGUAGE_STANDARD = gnu99;
				GCC_DYNAMIC_NO_PIC = NO;
				GCC_ENABLE_OBJC_EXCEPTIONS = YES;
				GCC_OPTIMIZATION_LEVEL = 0;
				GCC_PREPROCESSOR_DEFINITIONS = (
					"DEBUG=1",
					"$(inherited)",
				);
				GCC_SYMBOLS_PRIVATE_EXTERN = NO;
				GCC_WARN_64_TO_32_BIT_CONVERSION = YES;
				GCC_WARN_ABOUT_MISSING_FIELD_INITIALIZERS = YES;
				GCC_WARN_ABOUT_MISSING_NEWLINE = YES;
				GCC_WARN_ABOUT_MISSING_PROTOTYPES = YES;
				GCC_WARN_ABOUT_RETURN_TYPE = YES;
				GCC_WARN_FOUR_CHARACTER_CONSTANTS = YES;
				GCC_WARN_HIDDEN_VIRTUAL_FUNCTIONS = YES;
				GCC_WARN_INITIALIZER_NOT_FULLY_BRACKETED = YES;
				GCC_WARN_MULTIPLE_DEFINITION_TYPES_FOR_SELECTOR = YES;
				GCC_WARN_NON_VIRTUAL_DESTRUCTOR = YES;
				GCC_WARN_SHADOW = YES;
				GCC_WARN_SIGN_COMPARE = YES;
				GCC_WARN_STRICT_SELECTOR_MATCH = YES;
				GCC_WARN_UNDECLARED_SELECTOR = YES;
				GCC_WARN_UNINITIALIZED_AUTOS = YES;
				GCC_WARN_UNKNOWN_PRAGMAS = YES;
				GCC_WARN_UNUSED_FUNCTION = YES;
				GCC_WARN_UNUSED_LABEL = YES;
				GCC_WARN_UNUSED_PARAMETER = YES;
				GCC_WARN_UNUSED_VARIABLE = YES;
				MACOSX_DEPLOYMENT_TARGET = "";
				ONLY_ACTIVE_ARCH = YES;
				PRODUCT_NAME = "$(TARGET_NAME)";
				SDKROOT = macosx;
			};
			name = Debug;
		};
		2FCA710316A99BE300ECDBA3 /* Release */ = {
			isa = XCBuildConfiguration;
			buildSettings = {
				ALWAYS_SEARCH_USER_PATHS = NO;
				ARCHS = "$(ARCHS_STANDARD_64_BIT)";
				CLANG_ANALYZER_SECURITY_FLOATLOOPCOUNTER = YES;
				CLANG_ANALYZER_SECURITY_INSECUREAPI_RAND = YES;
				CLANG_ANALYZER_SECURITY_INSECUREAPI_STRCPY = YES;
				CLANG_CXX_LANGUAGE_STANDARD = "c++98";
				CLANG_CXX_LIBRARY = "libc++";
				CLANG_WARN_CXX0X_EXTENSIONS = YES;
				CLANG_WARN_DEPRECATED_OBJC_IMPLEMENTATIONS = YES;
				CLANG_WARN_EMPTY_BODY = YES;
				CLANG_WARN_IMPLICIT_SIGN_CONVERSION = YES;
				CLANG_WARN_OBJCPP_ARC_ABI = YES;
				CLANG_WARN_OBJC_IMPLICIT_ATOMIC_PROPERTIES = YES;
				CLANG_WARN_OBJC_MISSING_PROPERTY_SYNTHESIS = YES;
				CLANG_WARN_OBJC_RECEIVER_WEAK = YES;
				CLANG_WARN_SUSPICIOUS_IMPLICIT_CONVERSION = YES;
				CLANG_WARN__DUPLICATE_METHOD_MATCH = YES;
				CLANG_WARN__EXIT_TIME_DESTRUCTORS = YES;
				COPY_PHASE_STRIP = YES;
				DEBUG_INFORMATION_FORMAT = "dwarf-with-dsym";
				GCC_C_LANGUAGE_STANDARD = gnu99;
				GCC_ENABLE_OBJC_EXCEPTIONS = YES;
				GCC_WARN_64_TO_32_BIT_CONVERSION = YES;
				GCC_WARN_ABOUT_MISSING_FIELD_INITIALIZERS = YES;
				GCC_WARN_ABOUT_MISSING_NEWLINE = YES;
				GCC_WARN_ABOUT_MISSING_PROTOTYPES = YES;
				GCC_WARN_ABOUT_RETURN_TYPE = YES;
				GCC_WARN_FOUR_CHARACTER_CONSTANTS = YES;
				GCC_WARN_HIDDEN_VIRTUAL_FUNCTIONS = YES;
				GCC_WARN_INITIALIZER_NOT_FULLY_BRACKETED = YES;
				GCC_WARN_MULTIPLE_DEFINITION_TYPES_FOR_SELECTOR = YES;
				GCC_WARN_NON_VIRTUAL_DESTRUCTOR = YES;
				GCC_WARN_SHADOW = YES;
				GCC_WARN_SIGN_COMPARE = YES;
				GCC_WARN_STRICT_SELECTOR_MATCH = YES;
				GCC_WARN_UNDECLARED_SELECTOR = YES;
				GCC_WARN_UNINITIALIZED_AUTOS = YES;
				GCC_WARN_UNKNOWN_PRAGMAS = YES;
				GCC_WARN_UNUSED_FUNCTION = YES;
				GCC_WARN_UNUSED_LABEL = YES;
				GCC_WARN_UNUSED_PARAMETER = YES;
				GCC_WARN_UNUSED_VARIABLE = YES;
				MACOSX_DEPLOYMENT_TARGET = "";
				PRODUCT_NAME = "$(TARGET_NAME)";
				SDKROOT = macosx;
			};
			name = Release;
		};
/* End XCBuildConfiguration section */

/* Begin XCConfigurationList section */
		2FCA70E816A99B8800ECDBA3 /* Build configuration list for PBXProject "botoc" */ = {
			isa = XCConfigurationList;
			buildConfigurations = (
				2FCA70EA16A99B8800ECDBA3 /* Debug */,
				2FCA70EB16A99B8800ECDBA3 /* Release */,
			);
			defaultConfigurationIsVisible = 0;
			defaultConfigurationName = Release;
		};
		2FCA710116A99BE300ECDBA3 /* Build configuration list for PBXNativeTarget "botoc_test" */ = {
			isa = XCConfigurationList;
			buildConfigurations = (
				2FCA710216A99BE300ECDBA3 /* Debug */,
				2FCA710316A99BE300ECDBA3 /* Release */,
			);
			defaultConfigurationIsVisible = 0;
			defaultConfigurationName = Release;
		};
/* End XCConfigurationList section */
	};
	rootObject = 2FCA70E516A99B8800ECDBA3 /* Project object */;
}
